// !$*UTF8*$!
{
	archiveVersion = 1;
	classes = {
	};
	objectVersion = 56;
	objects = {

/* Begin PBXBuildFile section */
		3F3A76B82972E55D002E0BB1 /* zeldaApp.swift in Sources */ = {isa = PBXBuildFile; fileRef = 3F3A76B72972E55D002E0BB1 /* zeldaApp.swift */; };
		3F3A76BA2972E55D002E0BB1 /* ContentView.swift in Sources */ = {isa = PBXBuildFile; fileRef = 3F3A76B92972E55D002E0BB1 /* ContentView.swift */; };
		3F3A76BC2972E55E002E0BB1 /* Assets.xcassets in Resources */ = {isa = PBXBuildFile; fileRef = 3F3A76BB2972E55E002E0BB1 /* Assets.xcassets */; };
		3F3A76BF2972E55E002E0BB1 /* Preview Assets.xcassets in Resources */ = {isa = PBXBuildFile; fileRef = 3F3A76BE2972E55E002E0BB1 /* Preview Assets.xcassets */; };
		3F3A76D22972E90C002E0BB1 /* FirebaseAuth in Frameworks */ = {isa = PBXBuildFile; productRef = 3F3A76D12972E90C002E0BB1 /* FirebaseAuth */; };
		3F3A76D42972E90C002E0BB1 /* FirebaseDatabase in Frameworks */ = {isa = PBXBuildFile; productRef = 3F3A76D32972E90C002E0BB1 /* FirebaseDatabase */; };
		3F3A76D62972E90C002E0BB1 /* FirebaseFirestore in Frameworks */ = {isa = PBXBuildFile; productRef = 3F3A76D52972E90C002E0BB1 /* FirebaseFirestore */; };
		3F3A76D82972E90C002E0BB1 /* FirebaseStorage in Frameworks */ = {isa = PBXBuildFile; productRef = 3F3A76D72972E90C002E0BB1 /* FirebaseStorage */; };
		3F3A76DB2972EAE8002E0BB1 /* GoogleSignIn in Frameworks */ = {isa = PBXBuildFile; productRef = 3F3A76DA2972EAE8002E0BB1 /* GoogleSignIn */; };
		3F3A76DD2972EAE8002E0BB1 /* GoogleSignInSwift in Frameworks */ = {isa = PBXBuildFile; productRef = 3F3A76DC2972EAE8002E0BB1 /* GoogleSignInSwift */; };
		3F3A76E02972EB89002E0BB1 /* FacebookCore in Frameworks */ = {isa = PBXBuildFile; productRef = 3F3A76DF2972EB89002E0BB1 /* FacebookCore */; };
		3F3A76E22972EB89002E0BB1 /* FacebookGamingServices in Frameworks */ = {isa = PBXBuildFile; productRef = 3F3A76E12972EB89002E0BB1 /* FacebookGamingServices */; };
		3F3A76E42972EB89002E0BB1 /* FacebookLogin in Frameworks */ = {isa = PBXBuildFile; productRef = 3F3A76E32972EB89002E0BB1 /* FacebookLogin */; };
		3F3A76E62972EB89002E0BB1 /* FacebookShare in Frameworks */ = {isa = PBXBuildFile; productRef = 3F3A76E52972EB89002E0BB1 /* FacebookShare */; };
		3F3A76ED29730047002E0BB1 /* FrindsView.swift in Sources */ = {isa = PBXBuildFile; fileRef = 3F3A76EC29730047002E0BB1 /* FrindsView.swift */; };
		3F3A76EF29730054002E0BB1 /* ChatsView.swift in Sources */ = {isa = PBXBuildFile; fileRef = 3F3A76EE29730054002E0BB1 /* ChatsView.swift */; };
		3F6DAE4629732B78008354BC /* Users.swift in Sources */ = {isa = PBXBuildFile; fileRef = 3F6DAE4529732B78008354BC /* Users.swift */; };
		3F6DAE48297332B7008354BC /* GoogleService-Info.plist in Resources */ = {isa = PBXBuildFile; fileRef = 3F6DAE47297332B7008354BC /* GoogleService-Info.plist */; };
/* End PBXBuildFile section */

/* Begin PBXFileReference section */
		3F3A76B42972E55D002E0BB1 /* zelda.app */ = {isa = PBXFileReference; explicitFileType = wrapper.application; includeInIndex = 0; path = zelda.app; sourceTree = BUILT_PRODUCTS_DIR; };
		3F3A76B72972E55D002E0BB1 /* zeldaApp.swift */ = {isa = PBXFileReference; lastKnownFileType = sourcecode.swift; path = zeldaApp.swift; sourceTree = "<group>"; };
		3F3A76B92972E55D002E0BB1 /* ContentView.swift */ = {isa = PBXFileReference; lastKnownFileType = sourcecode.swift; path = ContentView.swift; sourceTree = "<group>"; };
		3F3A76BB2972E55E002E0BB1 /* Assets.xcassets */ = {isa = PBXFileReference; lastKnownFileType = folder.assetcatalog; path = Assets.xcassets; sourceTree = "<group>"; };
		3F3A76BE2972E55E002E0BB1 /* Preview Assets.xcassets */ = {isa = PBXFileReference; lastKnownFileType = folder.assetcatalog; path = "Preview Assets.xcassets"; sourceTree = "<group>"; };
		3F3A76EC29730047002E0BB1 /* FrindsView.swift */ = {isa = PBXFileReference; lastKnownFileType = sourcecode.swift; path = FrindsView.swift; sourceTree = "<group>"; };
		3F3A76EE29730054002E0BB1 /* ChatsView.swift */ = {isa = PBXFileReference; lastKnownFileType = sourcecode.swift; path = ChatsView.swift; sourceTree = "<group>"; };
		3F6DAE4529732B78008354BC /* Users.swift */ = {isa = PBXFileReference; lastKnownFileType = sourcecode.swift; path = Users.swift; sourceTree = "<group>"; };
		3F6DAE47297332B7008354BC /* GoogleService-Info.plist */ = {isa = PBXFileReference; fileEncoding = 4; lastKnownFileType = text.plist.xml; name = "GoogleService-Info.plist"; path = "../../../GoogleService-Info.plist"; sourceTree = "<group>"; };
/* End PBXFileReference section */

/* Begin PBXFrameworksBuildPhase section */
		3F3A76B12972E55D002E0BB1 /* Frameworks */ = {
			isa = PBXFrameworksBuildPhase;
			buildActionMask = 2147483647;
			files = (
				3F3A76DB2972EAE8002E0BB1 /* GoogleSignIn in Frameworks */,
				3F3A76D42972E90C002E0BB1 /* FirebaseDatabase in Frameworks */,
				3F3A76E02972EB89002E0BB1 /* FacebookCore in Frameworks */,
				3F3A76D82972E90C002E0BB1 /* FirebaseStorage in Frameworks */,
				3F3A76DD2972EAE8002E0BB1 /* GoogleSignInSwift in Frameworks */,
				3F3A76E42972EB89002E0BB1 /* FacebookLogin in Frameworks */,
				3F3A76D22972E90C002E0BB1 /* FirebaseAuth in Frameworks */,
				3F3A76D62972E90C002E0BB1 /* FirebaseFirestore in Frameworks */,
				3F3A76E62972EB89002E0BB1 /* FacebookShare in Frameworks */,
				3F3A76E22972EB89002E0BB1 /* FacebookGamingServices in Frameworks */,
			);
			runOnlyForDeploymentPostprocessing = 0;
		};
/* End PBXFrameworksBuildPhase section */

/* Begin PBXGroup section */
		3F3A76AB2972E55D002E0BB1 = {
			isa = PBXGroup;
			children = (
				3F3A76B62972E55D002E0BB1 /* zelda */,
				3F3A76B52972E55D002E0BB1 /* Products */,
			);
			sourceTree = "<group>";
		};
		3F3A76B52972E55D002E0BB1 /* Products */ = {
			isa = PBXGroup;
			children = (
				3F3A76B42972E55D002E0BB1 /* zelda.app */,
			);
			name = Products;
			sourceTree = "<group>";
		};
		3F3A76B62972E55D002E0BB1 /* zelda */ = {
			isa = PBXGroup;
			children = (
				3F6DAE47297332B7008354BC /* GoogleService-Info.plist */,
				3F3A76EA29730021002E0BB1 /* Data */,
				3F3A76E929730011002E0BB1 /* View */,
				3F3A76B72972E55D002E0BB1 /* zeldaApp.swift */,
				3F3A76BB2972E55E002E0BB1 /* Assets.xcassets */,
				3F3A76BD2972E55E002E0BB1 /* Preview Content */,
			);
			path = zelda;
			sourceTree = "<group>";
		};
		3F3A76BD2972E55E002E0BB1 /* Preview Content */ = {
			isa = PBXGroup;
			children = (
				3F3A76BE2972E55E002E0BB1 /* Preview Assets.xcassets */,
			);
			path = "Preview Content";
			sourceTree = "<group>";
		};
		3F3A76E929730011002E0BB1 /* View */ = {
			isa = PBXGroup;
			children = (
				3F3A76B92972E55D002E0BB1 /* ContentView.swift */,
				3F3A76EB2973002E002E0BB1 /* FrindsView */,
			);
			path = View;
			sourceTree = "<group>";
		};
		3F3A76EA29730021002E0BB1 /* Data */ = {
			isa = PBXGroup;
			children = (
				3F6DAE4529732B78008354BC /* Users.swift */,
			);
			path = Data;
			sourceTree = "<group>";
		};
		3F3A76EB2973002E002E0BB1 /* FrindsView */ = {
			isa = PBXGroup;
			children = (
				3F3A76EC29730047002E0BB1 /* FrindsView.swift */,
				3F3A76EE29730054002E0BB1 /* ChatsView.swift */,
			);
			path = FrindsView;
			sourceTree = "<group>";
		};
/* End PBXGroup section */

/* Begin PBXNativeTarget section */
		3F3A76B32972E55D002E0BB1 /* zelda */ = {
			isa = PBXNativeTarget;
			buildConfigurationList = 3F3A76C22972E55E002E0BB1 /* Build configuration list for PBXNativeTarget "zelda" */;
			buildPhases = (
				3F3A76B02972E55D002E0BB1 /* Sources */,
				3F3A76B12972E55D002E0BB1 /* Frameworks */,
				3F3A76B22972E55D002E0BB1 /* Resources */,
			);
			buildRules = (
			);
			dependencies = (
			);
			name = zelda;
			packageProductDependencies = (
				3F3A76D12972E90C002E0BB1 /* FirebaseAuth */,
				3F3A76D32972E90C002E0BB1 /* FirebaseDatabase */,
				3F3A76D52972E90C002E0BB1 /* FirebaseFirestore */,
				3F3A76D72972E90C002E0BB1 /* FirebaseStorage */,
				3F3A76DA2972EAE8002E0BB1 /* GoogleSignIn */,
				3F3A76DC2972EAE8002E0BB1 /* GoogleSignInSwift */,
				3F3A76DF2972EB89002E0BB1 /* FacebookCore */,
				3F3A76E12972EB89002E0BB1 /* FacebookGamingServices */,
				3F3A76E32972EB89002E0BB1 /* FacebookLogin */,
				3F3A76E52972EB89002E0BB1 /* FacebookShare */,
			);
			productName = zelda;
			productReference = 3F3A76B42972E55D002E0BB1 /* zelda.app */;
			productType = "com.apple.product-type.application";
		};
/* End PBXNativeTarget section */

/* Begin PBXProject section */
		3F3A76AC2972E55D002E0BB1 /* Project object */ = {
			isa = PBXProject;
			attributes = {
				BuildIndependentTargetsInParallel = 1;
				LastSwiftUpdateCheck = 1420;
				LastUpgradeCheck = 1420;
				TargetAttributes = {
					3F3A76B32972E55D002E0BB1 = {
						CreatedOnToolsVersion = 14.2;
					};
				};
			};
			buildConfigurationList = 3F3A76AF2972E55D002E0BB1 /* Build configuration list for PBXProject "zelda" */;
			compatibilityVersion = "Xcode 14.0";
			developmentRegion = en;
			hasScannedForEncodings = 0;
			knownRegions = (
				en,
				Base,
			);
			mainGroup = 3F3A76AB2972E55D002E0BB1;
			packageReferences = (
				3F3A76D02972E90C002E0BB1 /* XCRemoteSwiftPackageReference "firebase-ios-sdk" */,
				3F3A76D92972EAE8002E0BB1 /* XCRemoteSwiftPackageReference "GoogleSignIn-iOS" */,
				3F3A76DE2972EB89002E0BB1 /* XCRemoteSwiftPackageReference "facebook-ios-sdk" */,
			);
			productRefGroup = 3F3A76B52972E55D002E0BB1 /* Products */;
			projectDirPath = "";
			projectRoot = "";
			targets = (
				3F3A76B32972E55D002E0BB1 /* zelda */,
			);
		};
/* End PBXProject section */

/* Begin PBXResourcesBuildPhase section */
		3F3A76B22972E55D002E0BB1 /* Resources */ = {
			isa = PBXResourcesBuildPhase;
			buildActionMask = 2147483647;
			files = (
				3F3A76BF2972E55E002E0BB1 /* Preview Assets.xcassets in Resources */,
				3F3A76BC2972E55E002E0BB1 /* Assets.xcassets in Resources */,
				3F6DAE48297332B7008354BC /* GoogleService-Info.plist in Resources */,
			);
			runOnlyForDeploymentPostprocessing = 0;
		};
/* End PBXResourcesBuildPhase section */

/* Begin PBXSourcesBuildPhase section */
		3F3A76B02972E55D002E0BB1 /* Sources */ = {
			isa = PBXSourcesBuildPhase;
			buildActionMask = 2147483647;
			files = (
				3F3A76EF29730054002E0BB1 /* ChatsView.swift in Sources */,
				3F3A76ED29730047002E0BB1 /* FrindsView.swift in Sources */,
				3F6DAE4629732B78008354BC /* Users.swift in Sources */,
				3F3A76BA2972E55D002E0BB1 /* ContentView.swift in Sources */,
				3F3A76B82972E55D002E0BB1 /* zeldaApp.swift in Sources */,
			);
			runOnlyForDeploymentPostprocessing = 0;
		};
/* End PBXSourcesBuildPhase section */

/* Begin XCBuildConfiguration section */
		3F3A76C02972E55E002E0BB1 /* Debug */ = {
			isa = XCBuildConfiguration;
			buildSettings = {
				ALWAYS_SEARCH_USER_PATHS = NO;
				CLANG_ANALYZER_NONNULL = YES;
				CLANG_ANALYZER_NUMBER_OBJECT_CONVERSION = YES_AGGRESSIVE;
				CLANG_CXX_LANGUAGE_STANDARD = "gnu++20";
				CLANG_ENABLE_MODULES = YES;
				CLANG_ENABLE_OBJC_ARC = YES;
				CLANG_ENABLE_OBJC_WEAK = YES;
				CLANG_WARN_BLOCK_CAPTURE_AUTORELEASING = YES;
				CLANG_WARN_BOOL_CONVERSION = YES;
				CLANG_WARN_COMMA = YES;
				CLANG_WARN_CONSTANT_CONVERSION = YES;
				CLANG_WARN_DEPRECATED_OBJC_IMPLEMENTATIONS = YES;
				CLANG_WARN_DIRECT_OBJC_ISA_USAGE = YES_ERROR;
				CLANG_WARN_DOCUMENTATION_COMMENTS = YES;
				CLANG_WARN_EMPTY_BODY = YES;
				CLANG_WARN_ENUM_CONVERSION = YES;
				CLANG_WARN_INFINITE_RECURSION = YES;
				CLANG_WARN_INT_CONVERSION = YES;
				CLANG_WARN_NON_LITERAL_NULL_CONVERSION = YES;
				CLANG_WARN_OBJC_IMPLICIT_RETAIN_SELF = YES;
				CLANG_WARN_OBJC_LITERAL_CONVERSION = YES;
				CLANG_WARN_OBJC_ROOT_CLASS = YES_ERROR;
				CLANG_WARN_QUOTED_INCLUDE_IN_FRAMEWORK_HEADER = YES;
				CLANG_WARN_RANGE_LOOP_ANALYSIS = YES;
				CLANG_WARN_STRICT_PROTOTYPES = YES;
				CLANG_WARN_SUSPICIOUS_MOVE = YES;
				CLANG_WARN_UNGUARDED_AVAILABILITY = YES_AGGRESSIVE;
				CLANG_WARN_UNREACHABLE_CODE = YES;
				CLANG_WARN__DUPLICATE_METHOD_MATCH = YES;
				COPY_PHASE_STRIP = NO;
				DEBUG_INFORMATION_FORMAT = dwarf;
				ENABLE_STRICT_OBJC_MSGSEND = YES;
				ENABLE_TESTABILITY = YES;
				GCC_C_LANGUAGE_STANDARD = gnu11;
				GCC_DYNAMIC_NO_PIC = NO;
				GCC_NO_COMMON_BLOCKS = YES;
				GCC_OPTIMIZATION_LEVEL = 0;
				GCC_PREPROCESSOR_DEFINITIONS = (
					"DEBUG=1",
					"$(inherited)",
				);
				GCC_WARN_64_TO_32_BIT_CONVERSION = YES;
				GCC_WARN_ABOUT_RETURN_TYPE = YES_ERROR;
				GCC_WARN_UNDECLARED_SELECTOR = YES;
				GCC_WARN_UNINITIALIZED_AUTOS = YES_AGGRESSIVE;
				GCC_WARN_UNUSED_FUNCTION = YES;
				GCC_WARN_UNUSED_VARIABLE = YES;
				IPHONEOS_DEPLOYMENT_TARGET = 16.2;
				MTL_ENABLE_DEBUG_INFO = INCLUDE_SOURCE;
				MTL_FAST_MATH = YES;
				ONLY_ACTIVE_ARCH = YES;
				SDKROOT = iphoneos;
				SWIFT_ACTIVE_COMPILATION_CONDITIONS = DEBUG;
				SWIFT_OPTIMIZATION_LEVEL = "-Onone";
			};
			name = Debug;
		};
		3F3A76C12972E55E002E0BB1 /* Release */ = {
			isa = XCBuildConfiguration;
			buildSettings = {
				ALWAYS_SEARCH_USER_PATHS = NO;
				CLANG_ANALYZER_NONNULL = YES;
				CLANG_ANALYZER_NUMBER_OBJECT_CONVERSION = YES_AGGRESSIVE;
				CLANG_CXX_LANGUAGE_STANDARD = "gnu++20";
				CLANG_ENABLE_MODULES = YES;
				CLANG_ENABLE_OBJC_ARC = YES;
				CLANG_ENABLE_OBJC_WEAK = YES;
				CLANG_WARN_BLOCK_CAPTURE_AUTORELEASING = YES;
				CLANG_WARN_BOOL_CONVERSION = YES;
				CLANG_WARN_COMMA = YES;
				CLANG_WARN_CONSTANT_CONVERSION = YES;
				CLANG_WARN_DEPRECATED_OBJC_IMPLEMENTATIONS = YES;
				CLANG_WARN_DIRECT_OBJC_ISA_USAGE = YES_ERROR;
				CLANG_WARN_DOCUMENTATION_COMMENTS = YES;
				CLANG_WARN_EMPTY_BODY = YES;
				CLANG_WARN_ENUM_CONVERSION = YES;
				CLANG_WARN_INFINITE_RECURSION = YES;
				CLANG_WARN_INT_CONVERSION = YES;
				CLANG_WARN_NON_LITERAL_NULL_CONVERSION = YES;
				CLANG_WARN_OBJC_IMPLICIT_RETAIN_SELF = YES;
				CLANG_WARN_OBJC_LITERAL_CONVERSION = YES;
				CLANG_WARN_OBJC_ROOT_CLASS = YES_ERROR;
				CLANG_WARN_QUOTED_INCLUDE_IN_FRAMEWORK_HEADER = YES;
				CLANG_WARN_RANGE_LOOP_ANALYSIS = YES;
				CLANG_WARN_STRICT_PROTOTYPES = YES;
				CLANG_WARN_SUSPICIOUS_MOVE = YES;
				CLANG_WARN_UNGUARDED_AVAILABILITY = YES_AGGRESSIVE;
				CLANG_WARN_UNREACHABLE_CODE = YES;
				CLANG_WARN__DUPLICATE_METHOD_MATCH = YES;
				COPY_PHASE_STRIP = NO;
				DEBUG_INFORMATION_FORMAT = "dwarf-with-dsym";
				ENABLE_NS_ASSERTIONS = NO;
				ENABLE_STRICT_OBJC_MSGSEND = YES;
				GCC_C_LANGUAGE_STANDARD = gnu11;
				GCC_NO_COMMON_BLOCKS = YES;
				GCC_WARN_64_TO_32_BIT_CONVERSION = YES;
				GCC_WARN_ABOUT_RETURN_TYPE = YES_ERROR;
				GCC_WARN_UNDECLARED_SELECTOR = YES;
				GCC_WARN_UNINITIALIZED_AUTOS = YES_AGGRESSIVE;
				GCC_WARN_UNUSED_FUNCTION = YES;
				GCC_WARN_UNUSED_VARIABLE = YES;
				IPHONEOS_DEPLOYMENT_TARGET = 16.2;
				MTL_ENABLE_DEBUG_INFO = NO;
				MTL_FAST_MATH = YES;
				SDKROOT = iphoneos;
				SWIFT_COMPILATION_MODE = wholemodule;
				SWIFT_OPTIMIZATION_LEVEL = "-O";
				VALIDATE_PRODUCT = YES;
			};
			name = Release;
		};
		3F3A76C32972E55E002E0BB1 /* Debug */ = {
			isa = XCBuildConfiguration;
			buildSettings = {
				ASSETCATALOG_COMPILER_APPICON_NAME = AppIcon;
				ASSETCATALOG_COMPILER_GLOBAL_ACCENT_COLOR_NAME = AccentColor;
				CODE_SIGN_STYLE = Automatic;
				CURRENT_PROJECT_VERSION = 1;
				DEVELOPMENT_ASSET_PATHS = "\"zelda/Preview Content\"";
				DEVELOPMENT_TEAM = 9W9M3JPL7S;
				ENABLE_PREVIEWS = YES;
				GENERATE_INFOPLIST_FILE = YES;
				INFOPLIST_KEY_UIApplicationSceneManifest_Generation = YES;
				INFOPLIST_KEY_UIApplicationSupportsIndirectInputEvents = YES;
				INFOPLIST_KEY_UILaunchScreen_Generation = YES;
				INFOPLIST_KEY_UISupportedInterfaceOrientations_iPad = "UIInterfaceOrientationPortrait UIInterfaceOrientationPortraitUpsideDown UIInterfaceOrientationLandscapeLeft UIInterfaceOrientationLandscapeRight";
				INFOPLIST_KEY_UISupportedInterfaceOrientations_iPhone = "UIInterfaceOrientationPortrait UIInterfaceOrientationLandscapeLeft UIInterfaceOrientationLandscapeRight";
				LD_RUNPATH_SEARCH_PATHS = (
					"$(inherited)",
					"@executable_path/Frameworks",
				);
				MARKETING_VERSION = 1.0;
				PRODUCT_BUNDLE_IDENTIFIER = "Aamer-Essa.zelda";
				PRODUCT_NAME = "$(TARGET_NAME)";
				SWIFT_EMIT_LOC_STRINGS = YES;
				SWIFT_VERSION = 5.0;
				TARGETED_DEVICE_FAMILY = "1,2";
			};
			name = Debug;
		};
		3F3A76C42972E55E002E0BB1 /* Release */ = {
			isa = XCBuildConfiguration;
			buildSettings = {
				ASSETCATALOG_COMPILER_APPICON_NAME = AppIcon;
				ASSETCATALOG_COMPILER_GLOBAL_ACCENT_COLOR_NAME = AccentColor;
				CODE_SIGN_STYLE = Automatic;
				CURRENT_PROJECT_VERSION = 1;
				DEVELOPMENT_ASSET_PATHS = "\"zelda/Preview Content\"";
				DEVELOPMENT_TEAM = 9W9M3JPL7S;
				ENABLE_PREVIEWS = YES;
				GENERATE_INFOPLIST_FILE = YES;
				INFOPLIST_KEY_UIApplicationSceneManifest_Generation = YES;
				INFOPLIST_KEY_UIApplicationSupportsIndirectInputEvents = YES;
				INFOPLIST_KEY_UILaunchScreen_Generation = YES;
				INFOPLIST_KEY_UISupportedInterfaceOrientations_iPad = "UIInterfaceOrientationPortrait UIInterfaceOrientationPortraitUpsideDown UIInterfaceOrientationLandscapeLeft UIInterfaceOrientationLandscapeRight";
				INFOPLIST_KEY_UISupportedInterfaceOrientations_iPhone = "UIInterfaceOrientationPortrait UIInterfaceOrientationLandscapeLeft UIInterfaceOrientationLandscapeRight";
				LD_RUNPATH_SEARCH_PATHS = (
					"$(inherited)",
					"@executable_path/Frameworks",
				);
				MARKETING_VERSION = 1.0;
				PRODUCT_BUNDLE_IDENTIFIER = "Aamer-Essa.zelda";
				PRODUCT_NAME = "$(TARGET_NAME)";
				SWIFT_EMIT_LOC_STRINGS = YES;
				SWIFT_VERSION = 5.0;
				TARGETED_DEVICE_FAMILY = "1,2";
			};
			name = Release;
		};
/* End XCBuildConfiguration section */

/* Begin XCConfigurationList section */
		3F3A76AF2972E55D002E0BB1 /* Build configuration list for PBXProject "zelda" */ = {
			isa = XCConfigurationList;
			buildConfigurations = (
				3F3A76C02972E55E002E0BB1 /* Debug */,
				3F3A76C12972E55E002E0BB1 /* Release */,
			);
			defaultConfigurationIsVisible = 0;
			defaultConfigurationName = Release;
		};
		3F3A76C22972E55E002E0BB1 /* Build configuration list for PBXNativeTarget "zelda" */ = {
			isa = XCConfigurationList;
			buildConfigurations = (
				3F3A76C32972E55E002E0BB1 /* Debug */,
				3F3A76C42972E55E002E0BB1 /* Release */,
			);
			defaultConfigurationIsVisible = 0;
			defaultConfigurationName = Release;
		};
/* End XCConfigurationList section */

/* Begin XCRemoteSwiftPackageReference section */
		3F3A76D02972E90C002E0BB1 /* XCRemoteSwiftPackageReference "firebase-ios-sdk" */ = {
			isa = XCRemoteSwiftPackageReference;
			repositoryURL = "https://github.com/firebase/firebase-ios-sdk";
			requirement = {
				kind = upToNextMajorVersion;
				minimumVersion = 9.0.0;
			};
		};
		3F3A76D92972EAE8002E0BB1 /* XCRemoteSwiftPackageReference "GoogleSignIn-iOS" */ = {
			isa = XCRemoteSwiftPackageReference;
			repositoryURL = "https://github.com/google/GoogleSignIn-iOS";
			requirement = {
				kind = upToNextMajorVersion;
				minimumVersion = 7.0.0;
			};
		};
		3F3A76DE2972EB89002E0BB1 /* XCRemoteSwiftPackageReference "facebook-ios-sdk" */ = {
			isa = XCRemoteSwiftPackageReference;
			repositoryURL = "https://github.com/facebook/facebook-ios-sdk";
			requirement = {
				kind = upToNextMajorVersion;
				minimumVersion = 9.0.0;
			};
		};
/* End XCRemoteSwiftPackageReference section */

/* Begin XCSwiftPackageProductDependency section */
		3F3A76D12972E90C002E0BB1 /* FirebaseAuth */ = {
			isa = XCSwiftPackageProductDependency;
			package = 3F3A76D02972E90C002E0BB1 /* XCRemoteSwiftPackageReference "firebase-ios-sdk" */;
			productName = FirebaseAuth;
		};
		3F3A76D32972E90C002E0BB1 /* FirebaseDatabase */ = {
			isa = XCSwiftPackageProductDependency;
			package = 3F3A76D02972E90C002E0BB1 /* XCRemoteSwiftPackageReference "firebase-ios-sdk" */;
			productName = FirebaseDatabase;
		};
		3F3A76D52972E90C002E0BB1 /* FirebaseFirestore */ = {
			isa = XCSwiftPackageProductDependency;
			package = 3F3A76D02972E90C002E0BB1 /* XCRemoteSwiftPackageReference "firebase-ios-sdk" */;
			productName = FirebaseFirestore;
		};
		3F3A76D72972E90C002E0BB1 /* FirebaseStorage */ = {
			isa = XCSwiftPackageProductDependency;
			package = 3F3A76D02972E90C002E0BB1 /* XCRemoteSwiftPackageReference "firebase-ios-sdk" */;
			productName = FirebaseStorage;
		};
		3F3A76DA2972EAE8002E0BB1 /* GoogleSignIn */ = {
			isa = XCSwiftPackageProductDependency;
			package = 3F3A76D92972EAE8002E0BB1 /* XCRemoteSwiftPackageReference "GoogleSignIn-iOS" */;
			productName = GoogleSignIn;
		};
		3F3A76DC2972EAE8002E0BB1 /* GoogleSignInSwift */ = {
			isa = XCSwiftPackageProductDependency;
			package = 3F3A76D92972EAE8002E0BB1 /* XCRemoteSwiftPackageReference "GoogleSignIn-iOS" */;
			productName = GoogleSignInSwift;
		};
		3F3A76DF2972EB89002E0BB1 /* FacebookCore */ = {
			isa = XCSwiftPackageProductDependency;
			package = 3F3A76DE2972EB89002E0BB1 /* XCRemoteSwiftPackageReference "facebook-ios-sdk" */;
			productName = FacebookCore;
		};
		3F3A76E12972EB89002E0BB1 /* FacebookGamingServices */ = {
			isa = XCSwiftPackageProductDependency;
			package = 3F3A76DE2972EB89002E0BB1 /* XCRemoteSwiftPackageReference "facebook-ios-sdk" */;
			productName = FacebookGamingServices;
		};
		3F3A76E32972EB89002E0BB1 /* FacebookLogin */ = {
			isa = XCSwiftPackageProductDependency;
			package = 3F3A76DE2972EB89002E0BB1 /* XCRemoteSwiftPackageReference "facebook-ios-sdk" */;
			productName = FacebookLogin;
		};
		3F3A76E52972EB89002E0BB1 /* FacebookShare */ = {
			isa = XCSwiftPackageProductDependency;
			package = 3F3A76DE2972EB89002E0BB1 /* XCRemoteSwiftPackageReference "facebook-ios-sdk" */;
			productName = FacebookShare;
		};
/* End XCSwiftPackageProductDependency section */
	};
	rootObject = 3F3A76AC2972E55D002E0BB1 /* Project object */;
}
